// !$*UTF8*$!
{
	archiveVersion = 1;
	classes = {
	};
	objectVersion = 56;
	objects = {

/* Begin PBXBuildFile section */
		501DB47F2963252C001C4A24 /* 한글.min.json in Resources */ = {isa = PBXBuildFile; fileRef = 501DB47E2963252C001C4A24 /* 한글.min.json */; };
		501DB482296336FD001C4A24 /* NextKeyboard.swift in Sources */ = {isa = PBXBuildFile; fileRef = 501DB481296336FD001C4A24 /* NextKeyboard.swift */; };
		501DB48829633EB5001C4A24 /* Assets.xcassets in Resources */ = {isa = PBXBuildFile; fileRef = 50AFDDAD29501258001BF44D /* Assets.xcassets */; };
		503DF162295179970019A76B /* KeyboardView.swift in Sources */ = {isa = PBXBuildFile; fileRef = 503DF161295179970019A76B /* KeyboardView.swift */; };
		503DF16429517BD50019A76B /* KeyboardButton.swift in Sources */ = {isa = PBXBuildFile; fileRef = 503DF16329517BD50019A76B /* KeyboardButton.swift */; };
		509749E52974B01900779F75 /* AutocompleteButton.swift in Sources */ = {isa = PBXBuildFile; fileRef = 509749E42974B01900779F75 /* AutocompleteButton.swift */; };
		509749E72974CE8600779F75 /* NumberView.swift in Sources */ = {isa = PBXBuildFile; fileRef = 509749E62974CE8600779F75 /* NumberView.swift */; };
		509749E92974CEA200779F75 /* TopAutocomplete.swift in Sources */ = {isa = PBXBuildFile; fileRef = 509749E82974CEA200779F75 /* TopAutocomplete.swift */; };
		509749EB2974D27C00779F75 /* HangulView.swift in Sources */ = {isa = PBXBuildFile; fileRef = 509749EA2974D27C00779F75 /* HangulView.swift */; };
		509749ED2974D3A700779F75 /* KeyboardOptions.swift in Sources */ = {isa = PBXBuildFile; fileRef = 509749EC2974D3A700779F75 /* KeyboardOptions.swift */; };
		509749EF2974D71800779F75 /* SymbolView.swift in Sources */ = {isa = PBXBuildFile; fileRef = 509749EE2974D71800779F75 /* SymbolView.swift */; };
		50AFDDAA29501257001BF44D /* sky_earth_humanApp.swift in Sources */ = {isa = PBXBuildFile; fileRef = 50AFDDA929501257001BF44D /* sky_earth_humanApp.swift */; };
		50AFDDAC29501257001BF44D /* ContentView.swift in Sources */ = {isa = PBXBuildFile; fileRef = 50AFDDAB29501257001BF44D /* ContentView.swift */; };
		50AFDDAE29501258001BF44D /* Assets.xcassets in Resources */ = {isa = PBXBuildFile; fileRef = 50AFDDAD29501258001BF44D /* Assets.xcassets */; };
		50AFDDB129501258001BF44D /* Preview Assets.xcassets in Resources */ = {isa = PBXBuildFile; fileRef = 50AFDDB029501258001BF44D /* Preview Assets.xcassets */; };
		50AFDDB629501258001BF44D /* sky_earth_human.xcdatamodeld in Sources */ = {isa = PBXBuildFile; fileRef = 50AFDDB429501258001BF44D /* sky_earth_human.xcdatamodeld */; };
		50AFDDC129501258001BF44D /* sky_earth_humanTests.swift in Sources */ = {isa = PBXBuildFile; fileRef = 50AFDDC029501258001BF44D /* sky_earth_humanTests.swift */; };
		50AFDDCB29501258001BF44D /* sky_earth_humanUITests.swift in Sources */ = {isa = PBXBuildFile; fileRef = 50AFDDCA29501258001BF44D /* sky_earth_humanUITests.swift */; };
		50AFDDCD29501258001BF44D /* sky_earth_humanUITestsLaunchTests.swift in Sources */ = {isa = PBXBuildFile; fileRef = 50AFDDCC29501258001BF44D /* sky_earth_humanUITestsLaunchTests.swift */; };
		50AFDDE0295012A5001BF44D /* KeyboardViewController.swift in Sources */ = {isa = PBXBuildFile; fileRef = 50AFDDDF295012A5001BF44D /* KeyboardViewController.swift */; };
		50AFDDE4295012A5001BF44D /* keyboard.appex in Embed Foundation Extensions */ = {isa = PBXBuildFile; fileRef = 50AFDDDD295012A5001BF44D /* keyboard.appex */; settings = {ATTRIBUTES = (RemoveHeadersOnCopy, ); }; };
/* End PBXBuildFile section */

/* Begin PBXContainerItemProxy section */
		50AFDDBD29501258001BF44D /* PBXContainerItemProxy */ = {
			isa = PBXContainerItemProxy;
			containerPortal = 50AFDD9E29501256001BF44D /* Project object */;
			proxyType = 1;
			remoteGlobalIDString = 50AFDDA529501257001BF44D;
			remoteInfo = "sky-earth-human";
		};
		50AFDDC729501258001BF44D /* PBXContainerItemProxy */ = {
			isa = PBXContainerItemProxy;
			containerPortal = 50AFDD9E29501256001BF44D /* Project object */;
			proxyType = 1;
			remoteGlobalIDString = 50AFDDA529501257001BF44D;
			remoteInfo = "sky-earth-human";
		};
		50AFDDE2295012A5001BF44D /* PBXContainerItemProxy */ = {
			isa = PBXContainerItemProxy;
			containerPortal = 50AFDD9E29501256001BF44D /* Project object */;
			proxyType = 1;
			remoteGlobalIDString = 50AFDDDC295012A5001BF44D;
			remoteInfo = keyboard;
		};
/* End PBXContainerItemProxy section */

/* Begin PBXCopyFilesBuildPhase section */
		50AFDDE8295012A5001BF44D /* Embed Foundation Extensions */ = {
			isa = PBXCopyFilesBuildPhase;
			buildActionMask = 2147483647;
			dstPath = "";
			dstSubfolderSpec = 13;
			files = (
				50AFDDE4295012A5001BF44D /* keyboard.appex in Embed Foundation Extensions */,
			);
			name = "Embed Foundation Extensions";
			runOnlyForDeploymentPostprocessing = 0;
		};
/* End PBXCopyFilesBuildPhase section */

/* Begin PBXFileReference section */
		501DB47E2963252C001C4A24 /* 한글.min.json */ = {isa = PBXFileReference; fileEncoding = 4; lastKnownFileType = text.json; path = "한글.min.json"; sourceTree = "<group>"; };
		501DB481296336FD001C4A24 /* NextKeyboard.swift */ = {isa = PBXFileReference; lastKnownFileType = sourcecode.swift; path = NextKeyboard.swift; sourceTree = "<group>"; };
		503DF161295179970019A76B /* KeyboardView.swift */ = {isa = PBXFileReference; lastKnownFileType = sourcecode.swift; path = KeyboardView.swift; sourceTree = "<group>"; };
		503DF16329517BD50019A76B /* KeyboardButton.swift */ = {isa = PBXFileReference; indentWidth = 2; lastKnownFileType = sourcecode.swift; path = KeyboardButton.swift; sourceTree = "<group>"; tabWidth = 2; };
		509749E42974B01900779F75 /* AutocompleteButton.swift */ = {isa = PBXFileReference; lastKnownFileType = sourcecode.swift; path = AutocompleteButton.swift; sourceTree = "<group>"; };
		509749E62974CE8600779F75 /* NumberView.swift */ = {isa = PBXFileReference; lastKnownFileType = sourcecode.swift; path = NumberView.swift; sourceTree = "<group>"; };
		509749E82974CEA200779F75 /* TopAutocomplete.swift */ = {isa = PBXFileReference; lastKnownFileType = sourcecode.swift; path = TopAutocomplete.swift; sourceTree = "<group>"; };
		509749EA2974D27C00779F75 /* HangulView.swift */ = {isa = PBXFileReference; lastKnownFileType = sourcecode.swift; path = HangulView.swift; sourceTree = "<group>"; };
		509749EC2974D3A700779F75 /* KeyboardOptions.swift */ = {isa = PBXFileReference; lastKnownFileType = sourcecode.swift; path = KeyboardOptions.swift; sourceTree = "<group>"; };
		509749EE2974D71800779F75 /* SymbolView.swift */ = {isa = PBXFileReference; lastKnownFileType = sourcecode.swift; path = SymbolView.swift; sourceTree = "<group>"; };
		50AFDDA629501257001BF44D /* sky-earth-human.app */ = {isa = PBXFileReference; explicitFileType = wrapper.application; includeInIndex = 0; path = "sky-earth-human.app"; sourceTree = BUILT_PRODUCTS_DIR; };
		50AFDDA929501257001BF44D /* sky_earth_humanApp.swift */ = {isa = PBXFileReference; lastKnownFileType = sourcecode.swift; path = sky_earth_humanApp.swift; sourceTree = "<group>"; };
		50AFDDAB29501257001BF44D /* ContentView.swift */ = {isa = PBXFileReference; lastKnownFileType = sourcecode.swift; path = ContentView.swift; sourceTree = "<group>"; };
		50AFDDAD29501258001BF44D /* Assets.xcassets */ = {isa = PBXFileReference; lastKnownFileType = folder.assetcatalog; path = Assets.xcassets; sourceTree = "<group>"; };
		50AFDDB029501258001BF44D /* Preview Assets.xcassets */ = {isa = PBXFileReference; lastKnownFileType = folder.assetcatalog; path = "Preview Assets.xcassets"; sourceTree = "<group>"; };
		50AFDDB529501258001BF44D /* sky_earth_human.xcdatamodel */ = {isa = PBXFileReference; lastKnownFileType = wrapper.xcdatamodel; path = sky_earth_human.xcdatamodel; sourceTree = "<group>"; };
		50AFDDB729501258001BF44D /* Info.plist */ = {isa = PBXFileReference; lastKnownFileType = text.plist.xml; path = Info.plist; sourceTree = "<group>"; };
		50AFDDBC29501258001BF44D /* sky-earth-humanTests.xctest */ = {isa = PBXFileReference; explicitFileType = wrapper.cfbundle; includeInIndex = 0; path = "sky-earth-humanTests.xctest"; sourceTree = BUILT_PRODUCTS_DIR; };
		50AFDDC029501258001BF44D /* sky_earth_humanTests.swift */ = {isa = PBXFileReference; lastKnownFileType = sourcecode.swift; path = sky_earth_humanTests.swift; sourceTree = "<group>"; };
		50AFDDC629501258001BF44D /* sky-earth-humanUITests.xctest */ = {isa = PBXFileReference; explicitFileType = wrapper.cfbundle; includeInIndex = 0; path = "sky-earth-humanUITests.xctest"; sourceTree = BUILT_PRODUCTS_DIR; };
		50AFDDCA29501258001BF44D /* sky_earth_humanUITests.swift */ = {isa = PBXFileReference; lastKnownFileType = sourcecode.swift; path = sky_earth_humanUITests.swift; sourceTree = "<group>"; };
		50AFDDCC29501258001BF44D /* sky_earth_humanUITestsLaunchTests.swift */ = {isa = PBXFileReference; lastKnownFileType = sourcecode.swift; path = sky_earth_humanUITestsLaunchTests.swift; sourceTree = "<group>"; };
		50AFDDDD295012A5001BF44D /* keyboard.appex */ = {isa = PBXFileReference; explicitFileType = "wrapper.app-extension"; includeInIndex = 0; path = keyboard.appex; sourceTree = BUILT_PRODUCTS_DIR; };
		50AFDDDF295012A5001BF44D /* KeyboardViewController.swift */ = {isa = PBXFileReference; lastKnownFileType = sourcecode.swift; path = KeyboardViewController.swift; sourceTree = "<group>"; };
		50AFDDE1295012A5001BF44D /* Info.plist */ = {isa = PBXFileReference; lastKnownFileType = text.plist.xml; path = Info.plist; sourceTree = "<group>"; };
/* End PBXFileReference section */

/* Begin PBXFrameworksBuildPhase section */
		50AFDDA329501257001BF44D /* Frameworks */ = {
			isa = PBXFrameworksBuildPhase;
			buildActionMask = 2147483647;
			files = (
			);
			runOnlyForDeploymentPostprocessing = 0;
		};
		50AFDDB929501258001BF44D /* Frameworks */ = {
			isa = PBXFrameworksBuildPhase;
			buildActionMask = 2147483647;
			files = (
			);
			runOnlyForDeploymentPostprocessing = 0;
		};
		50AFDDC329501258001BF44D /* Frameworks */ = {
			isa = PBXFrameworksBuildPhase;
			buildActionMask = 2147483647;
			files = (
			);
			runOnlyForDeploymentPostprocessing = 0;
		};
		50AFDDDA295012A5001BF44D /* Frameworks */ = {
			isa = PBXFrameworksBuildPhase;
			buildActionMask = 2147483647;
			files = (
			);
			runOnlyForDeploymentPostprocessing = 0;
		};
/* End PBXFrameworksBuildPhase section */

/* Begin PBXGroup section */
		50AFDD9D29501256001BF44D = {
			isa = PBXGroup;
			children = (
				50AFDDA829501257001BF44D /* sky-earth-human */,
				50AFDDBF29501258001BF44D /* sky-earth-humanTests */,
				50AFDDC929501258001BF44D /* sky-earth-humanUITests */,
				50AFDDDE295012A5001BF44D /* keyboard */,
				50AFDDA729501257001BF44D /* Products */,
			);
			indentWidth = 2;
			sourceTree = "<group>";
			tabWidth = 2;
		};
		50AFDDA729501257001BF44D /* Products */ = {
			isa = PBXGroup;
			children = (
				50AFDDA629501257001BF44D /* sky-earth-human.app */,
				50AFDDBC29501258001BF44D /* sky-earth-humanTests.xctest */,
				50AFDDC629501258001BF44D /* sky-earth-humanUITests.xctest */,
				50AFDDDD295012A5001BF44D /* keyboard.appex */,
			);
			name = Products;
			sourceTree = "<group>";
		};
		50AFDDA829501257001BF44D /* sky-earth-human */ = {
			isa = PBXGroup;
			children = (
				50AFDDAD29501258001BF44D /* Assets.xcassets */,
				50AFDDA929501257001BF44D /* sky_earth_humanApp.swift */,
				50AFDDAB29501257001BF44D /* ContentView.swift */,
				50AFDDB729501258001BF44D /* Info.plist */,
				50AFDDB429501258001BF44D /* sky_earth_human.xcdatamodeld */,
				50AFDDAF29501258001BF44D /* Preview Content */,
			);
			path = "sky-earth-human";
			sourceTree = "<group>";
		};
		50AFDDAF29501258001BF44D /* Preview Content */ = {
			isa = PBXGroup;
			children = (
				50AFDDB029501258001BF44D /* Preview Assets.xcassets */,
			);
			path = "Preview Content";
			sourceTree = "<group>";
		};
		50AFDDBF29501258001BF44D /* sky-earth-humanTests */ = {
			isa = PBXGroup;
			children = (
				50AFDDC029501258001BF44D /* sky_earth_humanTests.swift */,
			);
			path = "sky-earth-humanTests";
			sourceTree = "<group>";
		};
		50AFDDC929501258001BF44D /* sky-earth-humanUITests */ = {
			isa = PBXGroup;
			children = (
				50AFDDCA29501258001BF44D /* sky_earth_humanUITests.swift */,
				50AFDDCC29501258001BF44D /* sky_earth_humanUITestsLaunchTests.swift */,
			);
			path = "sky-earth-humanUITests";
			sourceTree = "<group>";
		};
		50AFDDDE295012A5001BF44D /* keyboard */ = {
			isa = PBXGroup;
			children = (
				501DB47E2963252C001C4A24 /* 한글.min.json */,
				503DF16329517BD50019A76B /* KeyboardButton.swift */,
				50AFDDDF295012A5001BF44D /* KeyboardViewController.swift */,
				509749E82974CEA200779F75 /* TopAutocomplete.swift */,
				509749E62974CE8600779F75 /* NumberView.swift */,
				509749E42974B01900779F75 /* AutocompleteButton.swift */,
				503DF161295179970019A76B /* KeyboardView.swift */,
				509749EE2974D71800779F75 /* SymbolView.swift */,
				509749EC2974D3A700779F75 /* KeyboardOptions.swift */,
				509749EA2974D27C00779F75 /* HangulView.swift */,
				501DB481296336FD001C4A24 /* NextKeyboard.swift */,
				50AFDDE1295012A5001BF44D /* Info.plist */,
			);
			path = keyboard;
			sourceTree = "<group>";
		};
/* End PBXGroup section */

/* Begin PBXNativeTarget section */
		50AFDDA529501257001BF44D /* sky-earth-human */ = {
			isa = PBXNativeTarget;
			buildConfigurationList = 50AFDDD029501258001BF44D /* Build configuration list for PBXNativeTarget "sky-earth-human" */;
			buildPhases = (
				50AFDDA229501257001BF44D /* Sources */,
				50AFDDA329501257001BF44D /* Frameworks */,
				50AFDDA429501257001BF44D /* Resources */,
				50AFDDE8295012A5001BF44D /* Embed Foundation Extensions */,
			);
			buildRules = (
			);
			dependencies = (
				50AFDDE3295012A5001BF44D /* PBXTargetDependency */,
			);
			name = "sky-earth-human";
			productName = "sky-earth-human";
			productReference = 50AFDDA629501257001BF44D /* sky-earth-human.app */;
			productType = "com.apple.product-type.application";
		};
		50AFDDBB29501258001BF44D /* sky-earth-humanTests */ = {
			isa = PBXNativeTarget;
			buildConfigurationList = 50AFDDD329501258001BF44D /* Build configuration list for PBXNativeTarget "sky-earth-humanTests" */;
			buildPhases = (
				50AFDDB829501258001BF44D /* Sources */,
				50AFDDB929501258001BF44D /* Frameworks */,
				50AFDDBA29501258001BF44D /* Resources */,
			);
			buildRules = (
			);
			dependencies = (
				50AFDDBE29501258001BF44D /* PBXTargetDependency */,
			);
			name = "sky-earth-humanTests";
			productName = "sky-earth-humanTests";
			productReference = 50AFDDBC29501258001BF44D /* sky-earth-humanTests.xctest */;
			productType = "com.apple.product-type.bundle.unit-test";
		};
		50AFDDC529501258001BF44D /* sky-earth-humanUITests */ = {
			isa = PBXNativeTarget;
			buildConfigurationList = 50AFDDD629501258001BF44D /* Build configuration list for PBXNativeTarget "sky-earth-humanUITests" */;
			buildPhases = (
				50AFDDC229501258001BF44D /* Sources */,
				50AFDDC329501258001BF44D /* Frameworks */,
				50AFDDC429501258001BF44D /* Resources */,
			);
			buildRules = (
			);
			dependencies = (
				50AFDDC829501258001BF44D /* PBXTargetDependency */,
			);
			name = "sky-earth-humanUITests";
			productName = "sky-earth-humanUITests";
			productReference = 50AFDDC629501258001BF44D /* sky-earth-humanUITests.xctest */;
			productType = "com.apple.product-type.bundle.ui-testing";
		};
		50AFDDDC295012A5001BF44D /* keyboard */ = {
			isa = PBXNativeTarget;
			buildConfigurationList = 50AFDDE5295012A5001BF44D /* Build configuration list for PBXNativeTarget "keyboard" */;
			buildPhases = (
				50AFDDD9295012A5001BF44D /* Sources */,
				50AFDDDA295012A5001BF44D /* Frameworks */,
				50AFDDDB295012A5001BF44D /* Resources */,
			);
			buildRules = (
			);
			dependencies = (
			);
			name = keyboard;
			productName = keyboard;
			productReference = 50AFDDDD295012A5001BF44D /* keyboard.appex */;
			productType = "com.apple.product-type.app-extension";
		};
/* End PBXNativeTarget section */

/* Begin PBXProject section */
		50AFDD9E29501256001BF44D /* Project object */ = {
			isa = PBXProject;
			attributes = {
				BuildIndependentTargetsInParallel = 1;
				LastSwiftUpdateCheck = 1420;
				LastUpgradeCheck = 1420;
				TargetAttributes = {
					50AFDDA529501257001BF44D = {
						CreatedOnToolsVersion = 14.2;
					};
					50AFDDBB29501258001BF44D = {
						CreatedOnToolsVersion = 14.2;
						TestTargetID = 50AFDDA529501257001BF44D;
					};
					50AFDDC529501258001BF44D = {
						CreatedOnToolsVersion = 14.2;
						TestTargetID = 50AFDDA529501257001BF44D;
					};
					50AFDDDC295012A5001BF44D = {
						CreatedOnToolsVersion = 14.2;
					};
				};
			};
			buildConfigurationList = 50AFDDA129501256001BF44D /* Build configuration list for PBXProject "sky-earth-human" */;
			compatibilityVersion = "Xcode 14.0";
			developmentRegion = ko;
			hasScannedForEncodings = 0;
			knownRegions = (
				ko,
				Base,
			);
			mainGroup = 50AFDD9D29501256001BF44D;
			productRefGroup = 50AFDDA729501257001BF44D /* Products */;
			projectDirPath = "";
			projectRoot = "";
			targets = (
				50AFDDA529501257001BF44D /* sky-earth-human */,
				50AFDDBB29501258001BF44D /* sky-earth-humanTests */,
				50AFDDC529501258001BF44D /* sky-earth-humanUITests */,
				50AFDDDC295012A5001BF44D /* keyboard */,
			);
		};
/* End PBXProject section */

/* Begin PBXResourcesBuildPhase section */
		50AFDDA429501257001BF44D /* Resources */ = {
			isa = PBXResourcesBuildPhase;
			buildActionMask = 2147483647;
			files = (
				50AFDDB129501258001BF44D /* Preview Assets.xcassets in Resources */,
				50AFDDAE29501258001BF44D /* Assets.xcassets in Resources */,
			);
			runOnlyForDeploymentPostprocessing = 0;
		};
		50AFDDBA29501258001BF44D /* Resources */ = {
			isa = PBXResourcesBuildPhase;
			buildActionMask = 2147483647;
			files = (
			);
			runOnlyForDeploymentPostprocessing = 0;
		};
		50AFDDC429501258001BF44D /* Resources */ = {
			isa = PBXResourcesBuildPhase;
			buildActionMask = 2147483647;
			files = (
			);
			runOnlyForDeploymentPostprocessing = 0;
		};
		50AFDDDB295012A5001BF44D /* Resources */ = {
			isa = PBXResourcesBuildPhase;
			buildActionMask = 2147483647;
			files = (
				501DB48829633EB5001C4A24 /* Assets.xcassets in Resources */,
				501DB47F2963252C001C4A24 /* 한글.min.json in Resources */,
			);
			runOnlyForDeploymentPostprocessing = 0;
		};
/* End PBXResourcesBuildPhase section */

/* Begin PBXSourcesBuildPhase section */
		50AFDDA229501257001BF44D /* Sources */ = {
			isa = PBXSourcesBuildPhase;
			buildActionMask = 2147483647;
			files = (
				50AFDDAC29501257001BF44D /* ContentView.swift in Sources */,
				50AFDDB629501258001BF44D /* sky_earth_human.xcdatamodeld in Sources */,
				50AFDDAA29501257001BF44D /* sky_earth_humanApp.swift in Sources */,
			);
			runOnlyForDeploymentPostprocessing = 0;
		};
		50AFDDB829501258001BF44D /* Sources */ = {
			isa = PBXSourcesBuildPhase;
			buildActionMask = 2147483647;
			files = (
				50AFDDC129501258001BF44D /* sky_earth_humanTests.swift in Sources */,
			);
			runOnlyForDeploymentPostprocessing = 0;
		};
		50AFDDC229501258001BF44D /* Sources */ = {
			isa = PBXSourcesBuildPhase;
			buildActionMask = 2147483647;
			files = (
				50AFDDCB29501258001BF44D /* sky_earth_humanUITests.swift in Sources */,
				50AFDDCD29501258001BF44D /* sky_earth_humanUITestsLaunchTests.swift in Sources */,
			);
			runOnlyForDeploymentPostprocessing = 0;
		};
		50AFDDD9295012A5001BF44D /* Sources */ = {
			isa = PBXSourcesBuildPhase;
			buildActionMask = 2147483647;
			files = (
				503DF16429517BD50019A76B /* KeyboardButton.swift in Sources */,
				501DB482296336FD001C4A24 /* NextKeyboard.swift in Sources */,
				50AFDDE0295012A5001BF44D /* KeyboardViewController.swift in Sources */,
				509749E92974CEA200779F75 /* TopAutocomplete.swift in Sources */,
				509749ED2974D3A700779F75 /* KeyboardOptions.swift in Sources */,
				503DF162295179970019A76B /* KeyboardView.swift in Sources */,
				509749EF2974D71800779F75 /* SymbolView.swift in Sources */,
				509749EB2974D27C00779F75 /* HangulView.swift in Sources */,
				509749E52974B01900779F75 /* AutocompleteButton.swift in Sources */,
				509749E72974CE8600779F75 /* NumberView.swift in Sources */,
			);
			runOnlyForDeploymentPostprocessing = 0;
		};
/* End PBXSourcesBuildPhase section */

/* Begin PBXTargetDependency section */
		50AFDDBE29501258001BF44D /* PBXTargetDependency */ = {
			isa = PBXTargetDependency;
			target = 50AFDDA529501257001BF44D /* sky-earth-human */;
			targetProxy = 50AFDDBD29501258001BF44D /* PBXContainerItemProxy */;
		};
		50AFDDC829501258001BF44D /* PBXTargetDependency */ = {
			isa = PBXTargetDependency;
			target = 50AFDDA529501257001BF44D /* sky-earth-human */;
			targetProxy = 50AFDDC729501258001BF44D /* PBXContainerItemProxy */;
		};
		50AFDDE3295012A5001BF44D /* PBXTargetDependency */ = {
			isa = PBXTargetDependency;
			target = 50AFDDDC295012A5001BF44D /* keyboard */;
			targetProxy = 50AFDDE2295012A5001BF44D /* PBXContainerItemProxy */;
		};
/* End PBXTargetDependency section */

/* Begin XCBuildConfiguration section */
		50AFDDCE29501258001BF44D /* Debug */ = {
			isa = XCBuildConfiguration;
			buildSettings = {
				ALWAYS_SEARCH_USER_PATHS = NO;
				CLANG_ANALYZER_NONNULL = YES;
				CLANG_ANALYZER_NUMBER_OBJECT_CONVERSION = YES_AGGRESSIVE;
				CLANG_CXX_LANGUAGE_STANDARD = "gnu++20";
				CLANG_ENABLE_MODULES = YES;
				CLANG_ENABLE_OBJC_ARC = YES;
				CLANG_ENABLE_OBJC_WEAK = YES;
				CLANG_WARN_BLOCK_CAPTURE_AUTORELEASING = YES;
				CLANG_WARN_BOOL_CONVERSION = YES;
				CLANG_WARN_COMMA = YES;
				CLANG_WARN_CONSTANT_CONVERSION = YES;
				CLANG_WARN_DEPRECATED_OBJC_IMPLEMENTATIONS = YES;
				CLANG_WARN_DIRECT_OBJC_ISA_USAGE = YES_ERROR;
				CLANG_WARN_DOCUMENTATION_COMMENTS = YES;
				CLANG_WARN_EMPTY_BODY = YES;
				CLANG_WARN_ENUM_CONVERSION = YES;
				CLANG_WARN_INFINITE_RECURSION = YES;
				CLANG_WARN_INT_CONVERSION = YES;
				CLANG_WARN_NON_LITERAL_NULL_CONVERSION = YES;
				CLANG_WARN_OBJC_IMPLICIT_RETAIN_SELF = YES;
				CLANG_WARN_OBJC_LITERAL_CONVERSION = YES;
				CLANG_WARN_OBJC_ROOT_CLASS = YES_ERROR;
				CLANG_WARN_QUOTED_INCLUDE_IN_FRAMEWORK_HEADER = YES;
				CLANG_WARN_RANGE_LOOP_ANALYSIS = YES;
				CLANG_WARN_STRICT_PROTOTYPES = YES;
				CLANG_WARN_SUSPICIOUS_MOVE = YES;
				CLANG_WARN_UNGUARDED_AVAILABILITY = YES_AGGRESSIVE;
				CLANG_WARN_UNREACHABLE_CODE = YES;
				CLANG_WARN__DUPLICATE_METHOD_MATCH = YES;
				COPY_PHASE_STRIP = NO;
				DEBUG_INFORMATION_FORMAT = dwarf;
				ENABLE_STRICT_OBJC_MSGSEND = YES;
				ENABLE_TESTABILITY = YES;
				GCC_C_LANGUAGE_STANDARD = gnu11;
				GCC_DYNAMIC_NO_PIC = NO;
				GCC_NO_COMMON_BLOCKS = YES;
				GCC_OPTIMIZATION_LEVEL = 0;
				GCC_PREPROCESSOR_DEFINITIONS = (
					"DEBUG=1",
					"$(inherited)",
				);
				GCC_WARN_64_TO_32_BIT_CONVERSION = YES;
				GCC_WARN_ABOUT_RETURN_TYPE = YES_ERROR;
				GCC_WARN_UNDECLARED_SELECTOR = YES;
				GCC_WARN_UNINITIALIZED_AUTOS = YES_AGGRESSIVE;
				GCC_WARN_UNUSED_FUNCTION = YES;
				GCC_WARN_UNUSED_VARIABLE = YES;
				IPHONEOS_DEPLOYMENT_TARGET = 15.0;
				MTL_ENABLE_DEBUG_INFO = INCLUDE_SOURCE;
				MTL_FAST_MATH = YES;
				ONLY_ACTIVE_ARCH = YES;
				SDKROOT = iphoneos;
				SWIFT_ACTIVE_COMPILATION_CONDITIONS = DEBUG;
				SWIFT_OPTIMIZATION_LEVEL = "-Onone";
			};
			name = Debug;
		};
		50AFDDCF29501258001BF44D /* Release */ = {
			isa = XCBuildConfiguration;
			buildSettings = {
				ALWAYS_SEARCH_USER_PATHS = NO;
				CLANG_ANALYZER_NONNULL = YES;
				CLANG_ANALYZER_NUMBER_OBJECT_CONVERSION = YES_AGGRESSIVE;
				CLANG_CXX_LANGUAGE_STANDARD = "gnu++20";
				CLANG_ENABLE_MODULES = YES;
				CLANG_ENABLE_OBJC_ARC = YES;
				CLANG_ENABLE_OBJC_WEAK = YES;
				CLANG_WARN_BLOCK_CAPTURE_AUTORELEASING = YES;
				CLANG_WARN_BOOL_CONVERSION = YES;
				CLANG_WARN_COMMA = YES;
				CLANG_WARN_CONSTANT_CONVERSION = YES;
				CLANG_WARN_DEPRECATED_OBJC_IMPLEMENTATIONS = YES;
				CLANG_WARN_DIRECT_OBJC_ISA_USAGE = YES_ERROR;
				CLANG_WARN_DOCUMENTATION_COMMENTS = YES;
				CLANG_WARN_EMPTY_BODY = YES;
				CLANG_WARN_ENUM_CONVERSION = YES;
				CLANG_WARN_INFINITE_RECURSION = YES;
				CLANG_WARN_INT_CONVERSION = YES;
				CLANG_WARN_NON_LITERAL_NULL_CONVERSION = YES;
				CLANG_WARN_OBJC_IMPLICIT_RETAIN_SELF = YES;
				CLANG_WARN_OBJC_LITERAL_CONVERSION = YES;
				CLANG_WARN_OBJC_ROOT_CLASS = YES_ERROR;
				CLANG_WARN_QUOTED_INCLUDE_IN_FRAMEWORK_HEADER = YES;
				CLANG_WARN_RANGE_LOOP_ANALYSIS = YES;
				CLANG_WARN_STRICT_PROTOTYPES = YES;
				CLANG_WARN_SUSPICIOUS_MOVE = YES;
				CLANG_WARN_UNGUARDED_AVAILABILITY = YES_AGGRESSIVE;
				CLANG_WARN_UNREACHABLE_CODE = YES;
				CLANG_WARN__DUPLICATE_METHOD_MATCH = YES;
				COPY_PHASE_STRIP = NO;
				DEBUG_INFORMATION_FORMAT = "dwarf-with-dsym";
				ENABLE_NS_ASSERTIONS = NO;
				ENABLE_STRICT_OBJC_MSGSEND = YES;
				GCC_C_LANGUAGE_STANDARD = gnu11;
				GCC_NO_COMMON_BLOCKS = YES;
				GCC_WARN_64_TO_32_BIT_CONVERSION = YES;
				GCC_WARN_ABOUT_RETURN_TYPE = YES_ERROR;
				GCC_WARN_UNDECLARED_SELECTOR = YES;
				GCC_WARN_UNINITIALIZED_AUTOS = YES_AGGRESSIVE;
				GCC_WARN_UNUSED_FUNCTION = YES;
				GCC_WARN_UNUSED_VARIABLE = YES;
				IPHONEOS_DEPLOYMENT_TARGET = 15.0;
				MTL_ENABLE_DEBUG_INFO = NO;
				MTL_FAST_MATH = YES;
				SDKROOT = iphoneos;
				SWIFT_COMPILATION_MODE = wholemodule;
				SWIFT_OPTIMIZATION_LEVEL = "-O";
				VALIDATE_PRODUCT = YES;
			};
			name = Release;
		};
		50AFDDD129501258001BF44D /* Debug */ = {
			isa = XCBuildConfiguration;
			buildSettings = {
				ALWAYS_EMBED_SWIFT_STANDARD_LIBRARIES = YES;
				ASSETCATALOG_COMPILER_APPICON_NAME = AppIcon;
				ASSETCATALOG_COMPILER_GLOBAL_ACCENT_COLOR_NAME = AccentColor;
				CODE_SIGN_ENTITLEMENTS = "sky-earth-human/sky-earth-human.entitlements";
				CODE_SIGN_STYLE = Automatic;
				CURRENT_PROJECT_VERSION = 1;
				DEVELOPMENT_ASSET_PATHS = "\"sky-earth-human/Preview Content\"";
				DEVELOPMENT_TEAM = QKPXP9788L;
				ENABLE_PREVIEWS = YES;
				GENERATE_INFOPLIST_FILE = YES;
				INFOPLIST_KEY_CFBundleDisplayName = "하늘땅사람";
				INFOPLIST_KEY_LSApplicationCategoryType = "public.app-category.utilities";
				INFOPLIST_KEY_UIApplicationSceneManifest_Generation = YES;
				INFOPLIST_KEY_UIApplicationSupportsIndirectInputEvents = YES;
				INFOPLIST_KEY_UILaunchScreen_Generation = YES;
				INFOPLIST_KEY_UISupportedInterfaceOrientations_iPad = "UIInterfaceOrientationPortrait UIInterfaceOrientationPortraitUpsideDown UIInterfaceOrientationLandscapeLeft UIInterfaceOrientationLandscapeRight";
				INFOPLIST_KEY_UISupportedInterfaceOrientations_iPhone = "UIInterfaceOrientationPortrait UIInterfaceOrientationLandscapeLeft UIInterfaceOrientationLandscapeRight";
				IPHONEOS_DEPLOYMENT_TARGET = 15.0;
				LD_RUNPATH_SEARCH_PATHS = (
					"$(inherited)",
					"@executable_path/Frameworks",
				);
				MARKETING_VERSION = 1.0.2;
				PRODUCT_BUNDLE_IDENTIFIER = "sh.cho.sky-earth-human";
				PRODUCT_NAME = "$(TARGET_NAME)";
				SWIFT_EMIT_LOC_STRINGS = YES;
				SWIFT_VERSION = 5.0;
				TARGETED_DEVICE_FAMILY = "1,2";
			};
			name = Debug;
		};
		50AFDDD229501258001BF44D /* Release */ = {
			isa = XCBuildConfiguration;
			buildSettings = {
				ALWAYS_EMBED_SWIFT_STANDARD_LIBRARIES = YES;
				ASSETCATALOG_COMPILER_APPICON_NAME = AppIcon;
				ASSETCATALOG_COMPILER_GLOBAL_ACCENT_COLOR_NAME = AccentColor;
				CODE_SIGN_ENTITLEMENTS = "sky-earth-human/sky-earth-human.entitlements";
				CODE_SIGN_STYLE = Automatic;
				CURRENT_PROJECT_VERSION = 1;
				DEVELOPMENT_ASSET_PATHS = "\"sky-earth-human/Preview Content\"";
				DEVELOPMENT_TEAM = QKPXP9788L;
				ENABLE_PREVIEWS = YES;
				GENERATE_INFOPLIST_FILE = YES;
				INFOPLIST_KEY_CFBundleDisplayName = "하늘땅사람";
				INFOPLIST_KEY_LSApplicationCategoryType = "public.app-category.utilities";
				INFOPLIST_KEY_UIApplicationSceneManifest_Generation = YES;
				INFOPLIST_KEY_UIApplicationSupportsIndirectInputEvents = YES;
				INFOPLIST_KEY_UILaunchScreen_Generation = YES;
				INFOPLIST_KEY_UISupportedInterfaceOrientations_iPad = "UIInterfaceOrientationPortrait UIInterfaceOrientationPortraitUpsideDown UIInterfaceOrientationLandscapeLeft UIInterfaceOrientationLandscapeRight";
				INFOPLIST_KEY_UISupportedInterfaceOrientations_iPhone = "UIInterfaceOrientationPortrait UIInterfaceOrientationLandscapeLeft UIInterfaceOrientationLandscapeRight";
				IPHONEOS_DEPLOYMENT_TARGET = 15.0;
				LD_RUNPATH_SEARCH_PATHS = (
					"$(inherited)",
					"@executable_path/Frameworks",
				);
				MARKETING_VERSION = 1.0.2;
				PRODUCT_BUNDLE_IDENTIFIER = "sh.cho.sky-earth-human";
				PRODUCT_NAME = "$(TARGET_NAME)";
				SWIFT_EMIT_LOC_STRINGS = YES;
				SWIFT_VERSION = 5.0;
				TARGETED_DEVICE_FAMILY = "1,2";
			};
			name = Release;
		};
		50AFDDD429501258001BF44D /* Debug */ = {
			isa = XCBuildConfiguration;
			buildSettings = {
				ALWAYS_EMBED_SWIFT_STANDARD_LIBRARIES = YES;
				BUNDLE_LOADER = "$(TEST_HOST)";
				CODE_SIGN_STYLE = Automatic;
				CURRENT_PROJECT_VERSION = 1;
				DEVELOPMENT_TEAM = QKPXP9788L;
				GENERATE_INFOPLIST_FILE = YES;
				IPHONEOS_DEPLOYMENT_TARGET = 16.2;
				MARKETING_VERSION = 1.0;
				PRODUCT_BUNDLE_IDENTIFIER = "sh.cho.sky-earth-humanTests";
				PRODUCT_NAME = "$(TARGET_NAME)";
				SWIFT_EMIT_LOC_STRINGS = NO;
				SWIFT_VERSION = 5.0;
				TARGETED_DEVICE_FAMILY = "1,2";
				TEST_HOST = "$(BUILT_PRODUCTS_DIR)/sky-earth-human.app/$(BUNDLE_EXECUTABLE_FOLDER_PATH)/sky-earth-human";
			};
			name = Debug;
		};
		50AFDDD529501258001BF44D /* Release */ = {
			isa = XCBuildConfiguration;
			buildSettings = {
				ALWAYS_EMBED_SWIFT_STANDARD_LIBRARIES = YES;
				BUNDLE_LOADER = "$(TEST_HOST)";
				CODE_SIGN_STYLE = Automatic;
				CURRENT_PROJECT_VERSION = 1;
				DEVELOPMENT_TEAM = QKPXP9788L;
				GENERATE_INFOPLIST_FILE = YES;
				IPHONEOS_DEPLOYMENT_TARGET = 16.2;
				MARKETING_VERSION = 1.0;
				PRODUCT_BUNDLE_IDENTIFIER = "sh.cho.sky-earth-humanTests";
				PRODUCT_NAME = "$(TARGET_NAME)";
				SWIFT_EMIT_LOC_STRINGS = NO;
				SWIFT_VERSION = 5.0;
				TARGETED_DEVICE_FAMILY = "1,2";
				TEST_HOST = "$(BUILT_PRODUCTS_DIR)/sky-earth-human.app/$(BUNDLE_EXECUTABLE_FOLDER_PATH)/sky-earth-human";
			};
			name = Release;
		};
		50AFDDD729501258001BF44D /* Debug */ = {
			isa = XCBuildConfiguration;
			buildSettings = {
				ALWAYS_EMBED_SWIFT_STANDARD_LIBRARIES = YES;
				CODE_SIGN_STYLE = Automatic;
				CURRENT_PROJECT_VERSION = 1;
				DEVELOPMENT_TEAM = QKPXP9788L;
				GENERATE_INFOPLIST_FILE = YES;
				MARKETING_VERSION = 1.0;
				PRODUCT_BUNDLE_IDENTIFIER = "sh.cho.sky-earth-humanUITests";
				PRODUCT_NAME = "$(TARGET_NAME)";
				SWIFT_EMIT_LOC_STRINGS = NO;
				SWIFT_VERSION = 5.0;
				TARGETED_DEVICE_FAMILY = "1,2";
				TEST_TARGET_NAME = "sky-earth-human";
			};
			name = Debug;
		};
		50AFDDD829501258001BF44D /* Release */ = {
			isa = XCBuildConfiguration;
			buildSettings = {
				ALWAYS_EMBED_SWIFT_STANDARD_LIBRARIES = YES;
				CODE_SIGN_STYLE = Automatic;
				CURRENT_PROJECT_VERSION = 1;
				DEVELOPMENT_TEAM = QKPXP9788L;
				GENERATE_INFOPLIST_FILE = YES;
				MARKETING_VERSION = 1.0;
				PRODUCT_BUNDLE_IDENTIFIER = "sh.cho.sky-earth-humanUITests";
				PRODUCT_NAME = "$(TARGET_NAME)";
				SWIFT_EMIT_LOC_STRINGS = NO;
				SWIFT_VERSION = 5.0;
				TARGETED_DEVICE_FAMILY = "1,2";
				TEST_TARGET_NAME = "sky-earth-human";
			};
			name = Release;
		};
		50AFDDE6295012A5001BF44D /* Debug */ = {
			isa = XCBuildConfiguration;
			buildSettings = {
				CODE_SIGN_ENTITLEMENTS = keyboard/keyboard.entitlements;
				CODE_SIGN_STYLE = Automatic;
				CURRENT_PROJECT_VERSION = 1;
				DEVELOPMENT_ASSET_PATHS = "";
				DEVELOPMENT_TEAM = QKPXP9788L;
				GENERATE_INFOPLIST_FILE = YES;
				INFOPLIST_FILE = keyboard/Info.plist;
				INFOPLIST_KEY_CFBundleDisplayName = "천지인";
				INFOPLIST_KEY_NSHumanReadableCopyright = "";
				LD_RUNPATH_SEARCH_PATHS = (
					"$(inherited)",
					"@executable_path/Frameworks",
					"@executable_path/../../Frameworks",
				);
				MARKETING_VERSION = 1.0.2;
				PRODUCT_BUNDLE_IDENTIFIER = "sh.cho.sky-earth-human.keyboard";
				PRODUCT_NAME = "$(TARGET_NAME)";
				SKIP_INSTALL = YES;
				SWIFT_EMIT_LOC_STRINGS = YES;
				SWIFT_VERSION = 5.0;
				TARGETED_DEVICE_FAMILY = "1,2";
			};
			name = Debug;
		};
		50AFDDE7295012A5001BF44D /* Release */ = {
			isa = XCBuildConfiguration;
			buildSettings = {
				CODE_SIGN_ENTITLEMENTS = keyboard/keyboard.entitlements;
				CODE_SIGN_STYLE = Automatic;
				CURRENT_PROJECT_VERSION = 1;
				DEVELOPMENT_ASSET_PATHS = "";
				DEVELOPMENT_TEAM = QKPXP9788L;
				GENERATE_INFOPLIST_FILE = YES;
				INFOPLIST_FILE = keyboard/Info.plist;
				INFOPLIST_KEY_CFBundleDisplayName = "천지인";
				INFOPLIST_KEY_NSHumanReadableCopyright = "";
				LD_RUNPATH_SEARCH_PATHS = (
					"$(inherited)",
					"@executable_path/Frameworks",
					"@executable_path/../../Frameworks",
				);
				MARKETING_VERSION = 1.0.2;
				PRODUCT_BUNDLE_IDENTIFIER = "sh.cho.sky-earth-human.keyboard";
				PRODUCT_NAME = "$(TARGET_NAME)";
				SKIP_INSTALL = YES;
				SWIFT_EMIT_LOC_STRINGS = YES;
				SWIFT_VERSION = 5.0;
				TARGETED_DEVICE_FAMILY = "1,2";
			};
			name = Release;
		};
/* End XCBuildConfiguration section */

/* Begin XCConfigurationList section */
		50AFDDA129501256001BF44D /* Build configuration list for PBXProject "sky-earth-human" */ = {
			isa = XCConfigurationList;
			buildConfigurations = (
				50AFDDCE29501258001BF44D /* Debug */,
				50AFDDCF29501258001BF44D /* Release */,
			);
			defaultConfigurationIsVisible = 0;
			defaultConfigurationName = Release;
		};
		50AFDDD029501258001BF44D /* Build configuration list for PBXNativeTarget "sky-earth-human" */ = {
			isa = XCConfigurationList;
			buildConfigurations = (
				50AFDDD129501258001BF44D /* Debug */,
				50AFDDD229501258001BF44D /* Release */,
			);
			defaultConfigurationIsVisible = 0;
			defaultConfigurationName = Release;
		};
		50AFDDD329501258001BF44D /* Build configuration list for PBXNativeTarget "sky-earth-humanTests" */ = {
			isa = XCConfigurationList;
			buildConfigurations = (
				50AFDDD429501258001BF44D /* Debug */,
				50AFDDD529501258001BF44D /* Release */,
			);
			defaultConfigurationIsVisible = 0;
			defaultConfigurationName = Release;
		};
		50AFDDD629501258001BF44D /* Build configuration list for PBXNativeTarget "sky-earth-humanUITests" */ = {
			isa = XCConfigurationList;
			buildConfigurations = (
				50AFDDD729501258001BF44D /* Debug */,
				50AFDDD829501258001BF44D /* Release */,
			);
			defaultConfigurationIsVisible = 0;
			defaultConfigurationName = Release;
		};
		50AFDDE5295012A5001BF44D /* Build configuration list for PBXNativeTarget "keyboard" */ = {
			isa = XCConfigurationList;
			buildConfigurations = (
				50AFDDE6295012A5001BF44D /* Debug */,
				50AFDDE7295012A5001BF44D /* Release */,
			);
			defaultConfigurationIsVisible = 0;
			defaultConfigurationName = Release;
		};
/* End XCConfigurationList section */

/* Begin XCVersionGroup section */
		50AFDDB429501258001BF44D /* sky_earth_human.xcdatamodeld */ = {
			isa = XCVersionGroup;
			children = (
				50AFDDB529501258001BF44D /* sky_earth_human.xcdatamodel */,
			);
			currentVersion = 50AFDDB529501258001BF44D /* sky_earth_human.xcdatamodel */;
			path = sky_earth_human.xcdatamodeld;
			sourceTree = "<group>";
			versionGroupType = wrapper.xcdatamodel;
		};
/* End XCVersionGroup section */
	};
	rootObject = 50AFDD9E29501256001BF44D /* Project object */;
}
